
Microsoft Visual Studio Solution File, Format Version 12.00
# Visual Studio Version 17
VisualStudioVersion = 17.10.35122.118
MinimumVisualStudioVersion = 10.0.40219.1
Project("{FAE04EC0-301F-11D3-BF4B-00C04F79EFBC}") = "DrsfanBookWeb", "DrsfanWeb\DrsfanBookWeb.csproj", "{1A7BC338-E679-4151-B0CA-874AB1EDBCAA}"
EndProject
Project("{FAE04EC0-301F-11D3-BF4B-00C04F79EFBC}") = "DrsfanBook.DataAcess", "DrsfanBook.DataAcess\DrsfanBook.DataAcess.csproj", "{A98F2461-9A82-42BB-9893-93FDD9022B5E}"
EndProject
Project("{FAE04EC0-301F-11D3-BF4B-00C04F79EFBC}") = "DrsfanBook.Models", "DrsfanBook.Models\DrsfanBook.Models.csproj", "{B4F29A64-636C-4575-A821-DFFF2F09AFB5}"
EndProject
Project("{FAE04EC0-301F-11D3-BF4B-00C04F79EFBC}") = "DrsfanBook.Utility", "DrsfanBook.Utility\DrsfanBook.Utility.csproj", "{3E381735-340A-4603-A352-3BE05932A302}"
EndProject
Global
	GlobalSection(SolutionConfigurationPlatforms) = preSolution
		Debug|Any CPU = Debug|Any CPU
		Release|Any CPU = Release|Any CPU
	EndGlobalSection
	GlobalSection(ProjectConfigurationPlatforms) = postSolution
		{1A7BC338-E679-4151-B0CA-874AB1EDBCAA}.Debug|Any CPU.ActiveCfg = Debug|Any CPU
		{1A7BC338-E679-4151-B0CA-874AB1EDBCAA}.Debug|Any CPU.Build.0 = Debug|Any CPU
		{1A7BC338-E679-4151-B0CA-874AB1EDBCAA}.Release|Any CPU.ActiveCfg = Release|Any CPU
		{1A7BC338-E679-4151-B0CA-874AB1EDBCAA}.Release|Any CPU.Build.0 = Release|Any CPU
		{A98F2461-9A82-42BB-9893-93FDD9022B5E}.Debug|Any CPU.ActiveCfg = Debug|Any CPU
		{A98F2461-9A82-42BB-9893-93FDD9022B5E}.Debug|Any CPU.Build.0 = Debug|Any CPU
		{A98F2461-9A82-42BB-9893-93FDD9022B5E}.Release|Any CPU.ActiveCfg = Release|Any CPU
		{A98F2461-9A82-42BB-9893-93FDD9022B5E}.Release|Any CPU.Build.0 = Release|Any CPU
		{B4F29A64-636C-4575-A821-DFFF2F09AFB5}.Debug|Any CPU.ActiveCfg = Debug|Any CPU
		{B4F29A64-636C-4575-A821-DFFF2F09AFB5}.Debug|Any CPU.Build.0 = Debug|Any CPU
		{B4F29A64-636C-4575-A821-DFFF2F09AFB5}.Release|Any CPU.ActiveCfg = Release|Any CPU
		{B4F29A64-636C-4575-A821-DFFF2F09AFB5}.Release|Any CPU.Build.0 = Release|Any CPU
		{3E381735-340A-4603-A352-3BE05932A302}.Debug|Any CPU.ActiveCfg = Debug|Any CPU
		{3E381735-340A-4603-A352-3BE05932A302}.Debug|Any CPU.Build.0 = Debug|Any CPU
		{3E381735-340A-4603-A352-3BE05932A302}.Release|Any CPU.ActiveCfg = Release|Any CPU
		{3E381735-340A-4603-A352-3BE05932A302}.Release|Any CPU.Build.0 = Release|Any CPU
	EndGlobalSection
	GlobalSection(SolutionProperties) = preSolution
		HideSolutionNode = FALSE
	EndGlobalSection
	GlobalSection(ExtensibilityGlobals) = postSolution
		SolutionGuid = {5CEC7A02-7261-47C8-8622-6A5D8E24B937}
	EndGlobalSection
EndGlobal
