
Microsoft Visual Studio Solution File, Format Version 12.00
# Visual Studio Version 17
VisualStudioVersion = 17.10.35122.118
MinimumVisualStudioVersion = 10.0.40219.1
Project("{FAE04EC0-301F-11D3-BF4B-00C04F79EFBC}") = "Drsfan.DataAccess", "Drsfan.DataAccess\Drsfan.DataAccess.csproj", "{B040C4B6-1B08-4186-B8D7-83F4948BC455}"
EndProject
Project("{FAE04EC0-301F-11D3-BF4B-00C04F79EFBC}") = "Drsfan.Models", "Drsfan.Models\Drsfan.Models.csproj", "{C9D213CD-7EE8-43E4-A18B-01F7295AD878}"
EndProject
Project("{FAE04EC0-301F-11D3-BF4B-00C04F79EFBC}") = "Drsfan.Utility", "Drsfan.Utility\Drsfan.Utility.csproj", "{D72014C0-E23B-40EF-A2F1-B7662A5F2764}"
EndProject
Project("{FAE04EC0-301F-11D3-BF4B-00C04F79EFBC}") = "DrsfanWebApp", "DrsfanWebApp\DrsfanWebApp.csproj", "{A279EA7C-42B5-4717-B9E8-447A89881F37}"
EndProject
Global
	GlobalSection(SolutionConfigurationPlatforms) = preSolution
		Debug|Any CPU = Debug|Any CPU
		Release|Any CPU = Release|Any CPU
	EndGlobalSection
	GlobalSection(ProjectConfigurationPlatforms) = postSolution
		{B040C4B6-1B08-4186-B8D7-83F4948BC455}.Debug|Any CPU.ActiveCfg = Debug|Any CPU
		{B040C4B6-1B08-4186-B8D7-83F4948BC455}.Debug|Any CPU.Build.0 = Debug|Any CPU
		{B040C4B6-1B08-4186-B8D7-83F4948BC455}.Release|Any CPU.ActiveCfg = Release|Any CPU
		{B040C4B6-1B08-4186-B8D7-83F4948BC455}.Release|Any CPU.Build.0 = Release|Any CPU
		{C9D213CD-7EE8-43E4-A18B-01F7295AD878}.Debug|Any CPU.ActiveCfg = Debug|Any CPU
		{C9D213CD-7EE8-43E4-A18B-01F7295AD878}.Debug|Any CPU.Build.0 = Debug|Any CPU
		{C9D213CD-7EE8-43E4-A18B-01F7295AD878}.Release|Any CPU.ActiveCfg = Release|Any CPU
		{C9D213CD-7EE8-43E4-A18B-01F7295AD878}.Release|Any CPU.Build.0 = Release|Any CPU
		{D72014C0-E23B-40EF-A2F1-B7662A5F2764}.Debug|Any CPU.ActiveCfg = Debug|Any CPU
		{D72014C0-E23B-40EF-A2F1-B7662A5F2764}.Debug|Any CPU.Build.0 = Debug|Any CPU
		{D72014C0-E23B-40EF-A2F1-B7662A5F2764}.Release|Any CPU.ActiveCfg = Release|Any CPU
		{D72014C0-E23B-40EF-A2F1-B7662A5F2764}.Release|Any CPU.Build.0 = Release|Any CPU
		{A279EA7C-42B5-4717-B9E8-447A89881F37}.Debug|Any CPU.ActiveCfg = Debug|Any CPU
		{A279EA7C-42B5-4717-B9E8-447A89881F37}.Debug|Any CPU.Build.0 = Debug|Any CPU
		{A279EA7C-42B5-4717-B9E8-447A89881F37}.Release|Any CPU.ActiveCfg = Release|Any CPU
		{A279EA7C-42B5-4717-B9E8-447A89881F37}.Release|Any CPU.Build.0 = Release|Any CPU
	EndGlobalSection
	GlobalSection(SolutionProperties) = preSolution
		HideSolutionNode = FALSE
	EndGlobalSection
	GlobalSection(ExtensibilityGlobals) = postSolution
		SolutionGuid = {5CEC7A02-7261-47C8-8622-6A5D8E24B937}
	EndGlobalSection
EndGlobal
